
Microsoft Visual Studio Solution File, Format Version 12.00
# Visual Studio Version 17
VisualStudioVersion = 17.14.36623.8 d17.14
MinimumVisualStudioVersion = 10.0.40219.1
Project("{FAE04EC0-301F-11D3-BF4B-00C04F79EFBC}") = "ConsoleApp1", "ConsoleApp1\ConsoleApp1.csproj", "{861994AE-7FCD-4703-8DC6-40FA6D23D1EF}"
EndProject
Project("{FAE04EC0-301F-11D3-BF4B-00C04F79EFBC}") = "MyLibrary", "MyLibrary\MyLibrary.csproj", "{E7304F0B-B55F-48B4-BD74-326CCF89D8A1}"
EndProject
Global
	GlobalSection(SolutionConfigurationPlatforms) = preSolution
		Debug|Any CPU = Debug|Any CPU
		Release|Any CPU = Release|Any CPU
	EndGlobalSection
	GlobalSection(ProjectConfigurationPlatforms) = postSolution
		{861994AE-7FCD-4703-8DC6-40FA6D23D1EF}.Debug|Any CPU.ActiveCfg = Debug|Any CPU
		{861994AE-7FCD-4703-8DC6-40FA6D23D1EF}.Debug|Any CPU.Build.0 = Debug|Any CPU
		{861994AE-7FCD-4703-8DC6-40FA6D23D1EF}.Release|Any CPU.ActiveCfg = Release|Any CPU
		{861994AE-7FCD-4703-8DC6-40FA6D23D1EF}.Release|Any CPU.Build.0 = Release|Any CPU
		{E7304F0B-B55F-48B4-BD74-326CCF89D8A1}.Debug|Any CPU.ActiveCfg = Debug|Any CPU
		{E7304F0B-B55F-48B4-BD74-326CCF89D8A1}.Debug|Any CPU.Build.0 = Debug|Any CPU
		{E7304F0B-B55F-48B4-BD74-326CCF89D8A1}.Release|Any CPU.ActiveCfg = Release|Any CPU
		{E7304F0B-B55F-48B4-BD74-326CCF89D8A1}.Release|Any CPU.Build.0 = Release|Any CPU
	EndGlobalSection
	GlobalSection(SolutionProperties) = preSolution
		HideSolutionNode = FALSE
	EndGlobalSection
	GlobalSection(ExtensibilityGlobals) = postSolution
		SolutionGuid = {4E3FCDB6-F767-4406-81E9-7EDC9AC7B40F}
	EndGlobalSection
EndGlobal
