
Microsoft Visual Studio Solution File, Format Version 12.00
# Visual Studio Version 17
VisualStudioVersion = 17.14.36705.20 d17.14
MinimumVisualStudioVersion = 10.0.40219.1
Project("{FAE04EC0-301F-11D3-BF4B-00C04F79EFBC}") = "PDF Reader", "PDF Reader\PDF Reader.csproj", "{D8C11571-1775-46AD-A419-00F753452949}"
EndProject
Project("{FAE04EC0-301F-11D3-BF4B-00C04F79EFBC}") = "WinAnim", "WinAnim\WinAnim.csproj", "{3E9815A7-4F13-4AD7-BC7A-65961D16FF65}"
EndProject
Global
	GlobalSection(SolutionConfigurationPlatforms) = preSolution
		Debug|Any CPU = Debug|Any CPU
		Release|Any CPU = Release|Any CPU
	EndGlobalSection
	GlobalSection(ProjectConfigurationPlatforms) = postSolution
		{D8C11571-1775-46AD-A419-00F753452949}.Debug|Any CPU.ActiveCfg = Debug|Any CPU
		{D8C11571-1775-46AD-A419-00F753452949}.Debug|Any CPU.Build.0 = Debug|Any CPU
		{D8C11571-1775-46AD-A419-00F753452949}.Release|Any CPU.ActiveCfg = Release|Any CPU
		{D8C11571-1775-46AD-A419-00F753452949}.Release|Any CPU.Build.0 = Release|Any CPU
		{3E9815A7-4F13-4AD7-BC7A-65961D16FF65}.Debug|Any CPU.ActiveCfg = Debug|Any CPU
		{3E9815A7-4F13-4AD7-BC7A-65961D16FF65}.Debug|Any CPU.Build.0 = Debug|Any CPU
		{3E9815A7-4F13-4AD7-BC7A-65961D16FF65}.Release|Any CPU.ActiveCfg = Release|Any CPU
		{3E9815A7-4F13-4AD7-BC7A-65961D16FF65}.Release|Any CPU.Build.0 = Release|Any CPU
	EndGlobalSection
	GlobalSection(SolutionProperties) = preSolution
		HideSolutionNode = FALSE
	EndGlobalSection
	GlobalSection(ExtensibilityGlobals) = postSolution
		SolutionGuid = {716AC956-49F8-496D-8B83-A1555DB82002}
	EndGlobalSection
EndGlobal
